
Microsoft Visual Studio Solution File, Format Version 12.00
# Visual Studio Version 17
VisualStudioVersion = 17.11.35327.3
MinimumVisualStudioVersion = 10.0.40219.1
Project("{8BC9CEB8-8B4A-11D0-8D11-00A0C91BC942}") = "BinarySearchTreeProject", "BinarySearchTreeProject.vcxproj", "{24AB8C0D-6C40-43EF-8120-E7024F2B1DC2}"
EndProject
Project("{2150E333-8FDC-42A3-9474-1A3956D46DE8}") = "Çözüm Öğeleri", "Çözüm Öğeleri", "{DCFB09E0-179A-4C6F-B4B9-80FC744B4F31}"
	ProjectSection(SolutionItems) = preProject
		main.cpp = main.cpp
	EndProjectSection
EndProject
Global
	GlobalSection(SolutionConfigurationPlatforms) = preSolution
		Debug|x64 = Debug|x64
		Debug|x86 = Debug|x86
		Release|x64 = Release|x64
		Release|x86 = Release|x86
	EndGlobalSection
	GlobalSection(ProjectConfigurationPlatforms) = postSolution
		{24AB8C0D-6C40-43EF-8120-E7024F2B1DC2}.Debug|x64.ActiveCfg = Debug|x64
		{24AB8C0D-6C40-43EF-8120-E7024F2B1DC2}.Debug|x64.Build.0 = Debug|x64
		{24AB8C0D-6C40-43EF-8120-E7024F2B1DC2}.Debug|x86.ActiveCfg = Debug|Win32
		{24AB8C0D-6C40-43EF-8120-E7024F2B1DC2}.Debug|x86.Build.0 = Debug|Win32
		{24AB8C0D-6C40-43EF-8120-E7024F2B1DC2}.Release|x64.ActiveCfg = Release|x64
		{24AB8C0D-6C40-43EF-8120-E7024F2B1DC2}.Release|x64.Build.0 = Release|x64
		{24AB8C0D-6C40-43EF-8120-E7024F2B1DC2}.Release|x86.ActiveCfg = Release|Win32
		{24AB8C0D-6C40-43EF-8120-E7024F2B1DC2}.Release|x86.Build.0 = Release|Win32
	EndGlobalSection
	GlobalSection(SolutionProperties) = preSolution
		HideSolutionNode = FALSE
	EndGlobalSection
	GlobalSection(ExtensibilityGlobals) = postSolution
		SolutionGuid = {9387610F-FE4E-4398-89C2-21EED3AACC63}
	EndGlobalSection
EndGlobal
